
Microsoft Visual Studio Solution File, Format Version 12.00
# Visual Studio Version 16
VisualStudioVersion = 16.0.31229.75
MinimumVisualStudioVersion = 10.0.40219.1
Project("{9A19103F-16F7-4668-BE54-9A1E7A4F7556}") = "Aims.Model", "Aims.Model\Aims.Model.csproj", "{D35E4923-15E0-4FED-9819-CF8B21BE3E3A}"
EndProject
Project("{9A19103F-16F7-4668-BE54-9A1E7A4F7556}") = "Aims.Option", "Aims.Option\Aims.Option.csproj", "{91F77034-4359-41B9-8A55-2E9A2C8479A6}"
EndProject
Project("{9A19103F-16F7-4668-BE54-9A1E7A4F7556}") = "Aims.Repo", "Aims.Repo\Aims.Repo.csproj", "{24ACE4F0-690E-484C-89EB-B94D55F9087C}"
EndProject
Project("{9A19103F-16F7-4668-BE54-9A1E7A4F7556}") = "Aims.Dto", "Aims.Dto\Aims.Dto.csproj", "{A55D21E0-2C50-446E-8A9C-AB41D540A71D}"
EndProject
Project("{9A19103F-16F7-4668-BE54-9A1E7A4F7556}") = "Aims.AppService", "Aims.AppService\Aims.AppService.csproj", "{73EC9AAF-E4FF-4500-8FFE-1D88294113C5}"
EndProject
Project("{9A19103F-16F7-4668-BE54-9A1E7A4F7556}") = "Aims", "Aims\Aims.csproj", "{CCF0A63A-B843-4384-B8A7-FBC39A05E813}"
EndProject
Project("{FAE04EC0-301F-11D3-BF4B-00C04F79EFBC}") = "AIMS.Util", "AIMS.Util\AIMS.Util.csproj", "{0111B999-5E98-411D-AB96-9C1B47E97881}"
EndProject
Global
	GlobalSection(SolutionConfigurationPlatforms) = preSolution
		Debug|Any CPU = Debug|Any CPU
		Release|Any CPU = Release|Any CPU
	EndGlobalSection
	GlobalSection(ProjectConfigurationPlatforms) = postSolution
		{D35E4923-15E0-4FED-9819-CF8B21BE3E3A}.Debug|Any CPU.ActiveCfg = Debug|Any CPU
		{D35E4923-15E0-4FED-9819-CF8B21BE3E3A}.Debug|Any CPU.Build.0 = Debug|Any CPU
		{D35E4923-15E0-4FED-9819-CF8B21BE3E3A}.Release|Any CPU.ActiveCfg = Release|Any CPU
		{D35E4923-15E0-4FED-9819-CF8B21BE3E3A}.Release|Any CPU.Build.0 = Release|Any CPU
		{91F77034-4359-41B9-8A55-2E9A2C8479A6}.Debug|Any CPU.ActiveCfg = Debug|Any CPU
		{91F77034-4359-41B9-8A55-2E9A2C8479A6}.Debug|Any CPU.Build.0 = Debug|Any CPU
		{91F77034-4359-41B9-8A55-2E9A2C8479A6}.Release|Any CPU.ActiveCfg = Release|Any CPU
		{91F77034-4359-41B9-8A55-2E9A2C8479A6}.Release|Any CPU.Build.0 = Release|Any CPU
		{24ACE4F0-690E-484C-89EB-B94D55F9087C}.Debug|Any CPU.ActiveCfg = Debug|Any CPU
		{24ACE4F0-690E-484C-89EB-B94D55F9087C}.Debug|Any CPU.Build.0 = Debug|Any CPU
		{24ACE4F0-690E-484C-89EB-B94D55F9087C}.Release|Any CPU.ActiveCfg = Release|Any CPU
		{24ACE4F0-690E-484C-89EB-B94D55F9087C}.Release|Any CPU.Build.0 = Release|Any CPU
		{A55D21E0-2C50-446E-8A9C-AB41D540A71D}.Debug|Any CPU.ActiveCfg = Debug|Any CPU
		{A55D21E0-2C50-446E-8A9C-AB41D540A71D}.Debug|Any CPU.Build.0 = Debug|Any CPU
		{A55D21E0-2C50-446E-8A9C-AB41D540A71D}.Release|Any CPU.ActiveCfg = Release|Any CPU
		{A55D21E0-2C50-446E-8A9C-AB41D540A71D}.Release|Any CPU.Build.0 = Release|Any CPU
		{73EC9AAF-E4FF-4500-8FFE-1D88294113C5}.Debug|Any CPU.ActiveCfg = Debug|Any CPU
		{73EC9AAF-E4FF-4500-8FFE-1D88294113C5}.Debug|Any CPU.Build.0 = Debug|Any CPU
		{73EC9AAF-E4FF-4500-8FFE-1D88294113C5}.Release|Any CPU.ActiveCfg = Release|Any CPU
		{73EC9AAF-E4FF-4500-8FFE-1D88294113C5}.Release|Any CPU.Build.0 = Release|Any CPU
		{CCF0A63A-B843-4384-B8A7-FBC39A05E813}.Debug|Any CPU.ActiveCfg = Debug|Any CPU
		{CCF0A63A-B843-4384-B8A7-FBC39A05E813}.Debug|Any CPU.Build.0 = Debug|Any CPU
		{CCF0A63A-B843-4384-B8A7-FBC39A05E813}.Release|Any CPU.ActiveCfg = Release|Any CPU
		{CCF0A63A-B843-4384-B8A7-FBC39A05E813}.Release|Any CPU.Build.0 = Release|Any CPU
		{0111B999-5E98-411D-AB96-9C1B47E97881}.Debug|Any CPU.ActiveCfg = Debug|Any CPU
		{0111B999-5E98-411D-AB96-9C1B47E97881}.Debug|Any CPU.Build.0 = Debug|Any CPU
		{0111B999-5E98-411D-AB96-9C1B47E97881}.Release|Any CPU.ActiveCfg = Release|Any CPU
		{0111B999-5E98-411D-AB96-9C1B47E97881}.Release|Any CPU.Build.0 = Release|Any CPU
	EndGlobalSection
	GlobalSection(SolutionProperties) = preSolution
		HideSolutionNode = FALSE
	EndGlobalSection
	GlobalSection(ExtensibilityGlobals) = postSolution
		SolutionGuid = {40089177-35B0-4AA4-BF2D-93D330E9EF64}
	EndGlobalSection
EndGlobal
